
Microsoft Visual Studio Solution File, Format Version 12.00
# Visual Studio 15
Project("{FAE04EC0-301F-11D3-BF4B-00C04F79EFBC}") = "UnityEngine.TestRunner", "UnityEngine.TestRunner.csproj", "{3C3BF605-F6E7-DA9B-64FF-E49B5487E1D2}"
EndProject
Project("{FAE04EC0-301F-11D3-BF4B-00C04F79EFBC}") = "UnityEngine.UI", "UnityEngine.UI.csproj", "{236E44B5-602F-E696-0169-C4E67711A953}"
EndProject
Project("{FAE04EC0-301F-11D3-BF4B-00C04F79EFBC}") = "Unity.VisualScripting.Flow", "Unity.VisualScripting.Flow.csproj", "{1B045A91-BE4E-473F-BEFE-BA1794DD06D4}"
EndProject
Project("{FAE04EC0-301F-11D3-BF4B-00C04F79EFBC}") = "Unity.Services.Core.Telemetry", "Unity.Services.Core.Telemetry.csproj", "{655FD63A-416F-2839-D301-6F9E466CF5DD}"
EndProject
Project("{FAE04EC0-301F-11D3-BF4B-00C04F79EFBC}") = "Unity.VisualScripting.State", "Unity.VisualScripting.State.csproj", "{8AA913F7-A9A5-1B0B-4E9B-97A85B9AA5C0}"
EndProject
Project("{FAE04EC0-301F-11D3-BF4B-00C04F79EFBC}") = "Unity.VisualScripting.Core", "Unity.VisualScripting.Core.csproj", "{729CDB1B-94E5-5A6C-29CF-D10AF9658C5F}"
EndProject
Project("{FAE04EC0-301F-11D3-BF4B-00C04F79EFBC}") = "Unity.Services.Core.Environments.Internal", "Unity.Services.Core.Environments.Internal.csproj", "{E51477EB-99C5-CC0E-A094-C03574E7963E}"
EndProject
Project("{FAE04EC0-301F-11D3-BF4B-00C04F79EFBC}") = "Unity.TextMeshPro", "Unity.TextMeshPro.csproj", "{6582B887-535B-F788-E211-41F52EE14897}"
EndProject
Project("{FAE04EC0-301F-11D3-BF4B-00C04F79EFBC}") = "Unity.Timeline", "Unity.Timeline.csproj", "{7BAB1912-0235-5941-0719-01FFA201B345}"
EndProject
Project("{FAE04EC0-301F-11D3-BF4B-00C04F79EFBC}") = "Unity.Services.Core", "Unity.Services.Core.csproj", "{B5B05D19-F4E6-EE13-08BF-DEF2D572AAB2}"
EndProject
Project("{FAE04EC0-301F-11D3-BF4B-00C04F79EFBC}") = "Unity.Services.Core.Environments", "Unity.Services.Core.Environments.csproj", "{7F530C65-17B4-F098-C9D0-7D474B15F933}"
EndProject
Project("{FAE04EC0-301F-11D3-BF4B-00C04F79EFBC}") = "Unity.Services.Core.Internal", "Unity.Services.Core.Internal.csproj", "{AAC9BD4B-8A90-0B72-07F8-5D27CA421246}"
EndProject
Project("{FAE04EC0-301F-11D3-BF4B-00C04F79EFBC}") = "Unity.Services.Core.Analytics", "Unity.Services.Core.Analytics.csproj", "{F47D3779-C05F-9B97-BC56-C3E2E7BBF498}"
EndProject
Project("{FAE04EC0-301F-11D3-BF4B-00C04F79EFBC}") = "Unity.Services.Core.Scheduler", "Unity.Services.Core.Scheduler.csproj", "{5A18A3A6-F7F8-B6B7-AC3D-5BA4C279DD4D}"
EndProject
Project("{FAE04EC0-301F-11D3-BF4B-00C04F79EFBC}") = "Unity.Services.Core.Registration", "Unity.Services.Core.Registration.csproj", "{365578A9-C9C2-486F-40C7-9104FDF7AC7E}"
EndProject
Project("{FAE04EC0-301F-11D3-BF4B-00C04F79EFBC}") = "Unity.Services.Core.Device", "Unity.Services.Core.Device.csproj", "{6EAE7D1D-A0EF-A664-2C37-D07D4B3E09AA}"
EndProject
Project("{FAE04EC0-301F-11D3-BF4B-00C04F79EFBC}") = "Unity.Services.Core.Threading", "Unity.Services.Core.Threading.csproj", "{562B23E8-F469-7E0B-E7C8-98D00B11BB48}"
EndProject
Project("{FAE04EC0-301F-11D3-BF4B-00C04F79EFBC}") = "Unity.Services.Core.Networking", "Unity.Services.Core.Networking.csproj", "{B0E4CE52-CFDA-D96F-1143-82FC4E9A3A5F}"
EndProject
Project("{FAE04EC0-301F-11D3-BF4B-00C04F79EFBC}") = "Assembly-CSharp", "Assembly-CSharp.csproj", "{314C487B-C249-6432-156C-130E96486C37}"
EndProject
Project("{FAE04EC0-301F-11D3-BF4B-00C04F79EFBC}") = "Unity.Services.Core.Configuration", "Unity.Services.Core.Configuration.csproj", "{BE54EDE6-D11B-219D-D418-53AE06A65DB6}"
EndProject
Project("{FAE04EC0-301F-11D3-BF4B-00C04F79EFBC}") = "Unity.PlasticSCM.Editor", "Unity.PlasticSCM.Editor.csproj", "{64D78D4D-B700-89E0-1947-019AFB840F94}"
EndProject
Project("{FAE04EC0-301F-11D3-BF4B-00C04F79EFBC}") = "Unity.VisualScripting.Core.Editor", "Unity.VisualScripting.Core.Editor.csproj", "{3683C864-566D-78D8-CB42-C905B87E368F}"
EndProject
Project("{FAE04EC0-301F-11D3-BF4B-00C04F79EFBC}") = "Unity.VisualScripting.Flow.Editor", "Unity.VisualScripting.Flow.Editor.csproj", "{51700ABE-107C-64BE-A66E-214C3589C50A}"
EndProject
Project("{FAE04EC0-301F-11D3-BF4B-00C04F79EFBC}") = "Unity.VisualStudio.Editor", "Unity.VisualStudio.Editor.csproj", "{8E73786C-4639-1C46-54AD-6E4F58718946}"
EndProject
Project("{FAE04EC0-301F-11D3-BF4B-00C04F79EFBC}") = "Unity.Timeline.Editor", "Unity.Timeline.Editor.csproj", "{0F154F25-F8DC-A803-35C6-243361F99E06}"
EndProject
Project("{FAE04EC0-301F-11D3-BF4B-00C04F79EFBC}") = "Unity.VisualScripting.State.Editor", "Unity.VisualScripting.State.Editor.csproj", "{DE692D55-5479-396B-D417-126638884541}"
EndProject
Project("{FAE04EC0-301F-11D3-BF4B-00C04F79EFBC}") = "Unity.TextMeshPro.Editor", "Unity.TextMeshPro.Editor.csproj", "{BD340EF0-665F-0710-3543-11FEE65F1FD2}"
EndProject
Project("{FAE04EC0-301F-11D3-BF4B-00C04F79EFBC}") = "Unity.VisualScripting.SettingsProvider.Editor", "Unity.VisualScripting.SettingsProvider.Editor.csproj", "{7996C81C-9120-DB56-FFCE-6E762D99A66E}"
EndProject
Project("{FAE04EC0-301F-11D3-BF4B-00C04F79EFBC}") = "Unity.CollabProxy.Editor", "Unity.CollabProxy.Editor.csproj", "{CDA9D9E7-73EA-DEBF-38B0-52A3E7FF5C94}"
EndProject
Project("{FAE04EC0-301F-11D3-BF4B-00C04F79EFBC}") = "UnityEditor.TestRunner", "UnityEditor.TestRunner.csproj", "{F758BE9F-1C20-F398-D2F2-9B570BA31054}"
EndProject
Project("{FAE04EC0-301F-11D3-BF4B-00C04F79EFBC}") = "Unity.Services.Core.Editor", "Unity.Services.Core.Editor.csproj", "{B2BBC36A-0CCF-9564-111C-6D6842F969CF}"
EndProject
Project("{FAE04EC0-301F-11D3-BF4B-00C04F79EFBC}") = "Unity.TestTools.CodeCoverage.Editor", "Unity.TestTools.CodeCoverage.Editor.csproj", "{4503BA6A-9070-9746-D6B4-459052E010F5}"
EndProject
Project("{FAE04EC0-301F-11D3-BF4B-00C04F79EFBC}") = "Unity.Rider.Editor", "Unity.Rider.Editor.csproj", "{8EF97AC2-5907-F75B-A30B-7A2B77C72ED4}"
EndProject
Project("{FAE04EC0-301F-11D3-BF4B-00C04F79EFBC}") = "Unity.Performance.Profile-Analyzer.Editor", "Unity.Performance.Profile-Analyzer.Editor.csproj", "{BADAE3B7-EAB5-32F2-B1C8-1651F6E24B48}"
EndProject
Project("{FAE04EC0-301F-11D3-BF4B-00C04F79EFBC}") = "Unity.VSCode.Editor", "Unity.VSCode.Editor.csproj", "{8A57EF42-F92C-3BD7-25E1-F2A37C8F9E07}"
EndProject
Project("{FAE04EC0-301F-11D3-BF4B-00C04F79EFBC}") = "UnityEditor.UI", "UnityEditor.UI.csproj", "{3EF88920-6CD7-1D83-AD55-1CEBEB4D3CFA}"
EndProject
Project("{FAE04EC0-301F-11D3-BF4B-00C04F79EFBC}") = "Unity.TestTools.CodeCoverage.Editor.OpenCover.Model", "Unity.TestTools.CodeCoverage.Editor.OpenCover.Model.csproj", "{782B20D6-F74C-5204-3084-B8B70EE186BB}"
EndProject
Project("{FAE04EC0-301F-11D3-BF4B-00C04F79EFBC}") = "Unity.EditorCoroutines.Editor", "Unity.EditorCoroutines.Editor.csproj", "{A9038D30-68F5-D414-C4EF-CCAE42E1988B}"
EndProject
Project("{FAE04EC0-301F-11D3-BF4B-00C04F79EFBC}") = "Unity.Settings.Editor", "Unity.Settings.Editor.csproj", "{7666A401-5B1F-4ECC-B30E-104171E0DB26}"
EndProject
Project("{FAE04EC0-301F-11D3-BF4B-00C04F79EFBC}") = "Unity.Services.Core.Configuration.Editor", "Unity.Services.Core.Configuration.Editor.csproj", "{4D7E4D60-AF66-7EAE-9EE0-2D47FAF4315A}"
EndProject
Project("{FAE04EC0-301F-11D3-BF4B-00C04F79EFBC}") = "Unity.TestTools.CodeCoverage.Editor.OpenCover.Mono.Reflection", "Unity.TestTools.CodeCoverage.Editor.OpenCover.Mono.Reflection.csproj", "{833A7FB8-CE9A-FC71-1434-4B364177CBD0}"
EndProject
Project("{FAE04EC0-301F-11D3-BF4B-00C04F79EFBC}") = "Unity.VisualScripting.Shared.Editor", "Unity.VisualScripting.Shared.Editor.csproj", "{FE018719-E499-03F8-98E2-DA68DD4D2587}"
EndProject
Global
	GlobalSection(SolutionConfigurationPlatforms) = preSolution
		Debug|Any CPU = Debug|Any CPU
		Release|Any CPU = Release|Any CPU
	EndGlobalSection
	GlobalSection(ProjectConfigurationPlatforms) = postSolution
		{3C3BF605-F6E7-DA9B-64FF-E49B5487E1D2}.Debug|Any CPU.ActiveCfg = Debug|Any CPU
		{3C3BF605-F6E7-DA9B-64FF-E49B5487E1D2}.Debug|Any CPU.Build.0 = Debug|Any CPU
		{3C3BF605-F6E7-DA9B-64FF-E49B5487E1D2}.Release|Any CPU.ActiveCfg = Release|Any CPU
		{3C3BF605-F6E7-DA9B-64FF-E49B5487E1D2}.Release|Any CPU.Build.0 = Release|Any CPU
		{236E44B5-602F-E696-0169-C4E67711A953}.Debug|Any CPU.ActiveCfg = Debug|Any CPU
		{236E44B5-602F-E696-0169-C4E67711A953}.Debug|Any CPU.Build.0 = Debug|Any CPU
		{236E44B5-602F-E696-0169-C4E67711A953}.Release|Any CPU.ActiveCfg = Release|Any CPU
		{236E44B5-602F-E696-0169-C4E67711A953}.Release|Any CPU.Build.0 = Release|Any CPU
		{1B045A91-BE4E-473F-BEFE-BA1794DD06D4}.Debug|Any CPU.ActiveCfg = Debug|Any CPU
		{1B045A91-BE4E-473F-BEFE-BA1794DD06D4}.Debug|Any CPU.Build.0 = Debug|Any CPU
		{1B045A91-BE4E-473F-BEFE-BA1794DD06D4}.Release|Any CPU.ActiveCfg = Release|Any CPU
		{1B045A91-BE4E-473F-BEFE-BA1794DD06D4}.Release|Any CPU.Build.0 = Release|Any CPU
		{655FD63A-416F-2839-D301-6F9E466CF5DD}.Debug|Any CPU.ActiveCfg = Debug|Any CPU
		{655FD63A-416F-2839-D301-6F9E466CF5DD}.Debug|Any CPU.Build.0 = Debug|Any CPU
		{655FD63A-416F-2839-D301-6F9E466CF5DD}.Release|Any CPU.ActiveCfg = Release|Any CPU
		{655FD63A-416F-2839-D301-6F9E466CF5DD}.Release|Any CPU.Build.0 = Release|Any CPU
		{8AA913F7-A9A5-1B0B-4E9B-97A85B9AA5C0}.Debug|Any CPU.ActiveCfg = Debug|Any CPU
		{8AA913F7-A9A5-1B0B-4E9B-97A85B9AA5C0}.Debug|Any CPU.Build.0 = Debug|Any CPU
		{8AA913F7-A9A5-1B0B-4E9B-97A85B9AA5C0}.Release|Any CPU.ActiveCfg = Release|Any CPU
		{8AA913F7-A9A5-1B0B-4E9B-97A85B9AA5C0}.Release|Any CPU.Build.0 = Release|Any CPU
		{729CDB1B-94E5-5A6C-29CF-D10AF9658C5F}.Debug|Any CPU.ActiveCfg = Debug|Any CPU
		{729CDB1B-94E5-5A6C-29CF-D10AF9658C5F}.Debug|Any CPU.Build.0 = Debug|Any CPU
		{729CDB1B-94E5-5A6C-29CF-D10AF9658C5F}.Release|Any CPU.ActiveCfg = Release|Any CPU
		{729CDB1B-94E5-5A6C-29CF-D10AF9658C5F}.Release|Any CPU.Build.0 = Release|Any CPU
		{E51477EB-99C5-CC0E-A094-C03574E7963E}.Debug|Any CPU.ActiveCfg = Debug|Any CPU
		{E51477EB-99C5-CC0E-A094-C03574E7963E}.Debug|Any CPU.Build.0 = Debug|Any CPU
		{E51477EB-99C5-CC0E-A094-C03574E7963E}.Release|Any CPU.ActiveCfg = Release|Any CPU
		{E51477EB-99C5-CC0E-A094-C03574E7963E}.Release|Any CPU.Build.0 = Release|Any CPU
		{6582B887-535B-F788-E211-41F52EE14897}.Debug|Any CPU.ActiveCfg = Debug|Any CPU
		{6582B887-535B-F788-E211-41F52EE14897}.Debug|Any CPU.Build.0 = Debug|Any CPU
		{6582B887-535B-F788-E211-41F52EE14897}.Release|Any CPU.ActiveCfg = Release|Any CPU
		{6582B887-535B-F788-E211-41F52EE14897}.Release|Any CPU.Build.0 = Release|Any CPU
		{7BAB1912-0235-5941-0719-01FFA201B345}.Debug|Any CPU.ActiveCfg = Debug|Any CPU
		{7BAB1912-0235-5941-0719-01FFA201B345}.Debug|Any CPU.Build.0 = Debug|Any CPU
		{7BAB1912-0235-5941-0719-01FFA201B345}.Release|Any CPU.ActiveCfg = Release|Any CPU
		{7BAB1912-0235-5941-0719-01FFA201B345}.Release|Any CPU.Build.0 = Release|Any CPU
		{B5B05D19-F4E6-EE13-08BF-DEF2D572AAB2}.Debug|Any CPU.ActiveCfg = Debug|Any CPU
		{B5B05D19-F4E6-EE13-08BF-DEF2D572AAB2}.Debug|Any CPU.Build.0 = Debug|Any CPU
		{B5B05D19-F4E6-EE13-08BF-DEF2D572AAB2}.Release|Any CPU.ActiveCfg = Release|Any CPU
		{B5B05D19-F4E6-EE13-08BF-DEF2D572AAB2}.Release|Any CPU.Build.0 = Release|Any CPU
		{7F530C65-17B4-F098-C9D0-7D474B15F933}.Debug|Any CPU.ActiveCfg = Debug|Any CPU
		{7F530C65-17B4-F098-C9D0-7D474B15F933}.Debug|Any CPU.Build.0 = Debug|Any CPU
		{7F530C65-17B4-F098-C9D0-7D474B15F933}.Release|Any CPU.ActiveCfg = Release|Any CPU
		{7F530C65-17B4-F098-C9D0-7D474B15F933}.Release|Any CPU.Build.0 = Release|Any CPU
		{AAC9BD4B-8A90-0B72-07F8-5D27CA421246}.Debug|Any CPU.ActiveCfg = Debug|Any CPU
		{AAC9BD4B-8A90-0B72-07F8-5D27CA421246}.Debug|Any CPU.Build.0 = Debug|Any CPU
		{AAC9BD4B-8A90-0B72-07F8-5D27CA421246}.Release|Any CPU.ActiveCfg = Release|Any CPU
		{AAC9BD4B-8A90-0B72-07F8-5D27CA421246}.Release|Any CPU.Build.0 = Release|Any CPU
		{F47D3779-C05F-9B97-BC56-C3E2E7BBF498}.Debug|Any CPU.ActiveCfg = Debug|Any CPU
		{F47D3779-C05F-9B97-BC56-C3E2E7BBF498}.Debug|Any CPU.Build.0 = Debug|Any CPU
		{F47D3779-C05F-9B97-BC56-C3E2E7BBF498}.Release|Any CPU.ActiveCfg = Release|Any CPU
		{F47D3779-C05F-9B97-BC56-C3E2E7BBF498}.Release|Any CPU.Build.0 = Release|Any CPU
		{5A18A3A6-F7F8-B6B7-AC3D-5BA4C279DD4D}.Debug|Any CPU.ActiveCfg = Debug|Any CPU
		{5A18A3A6-F7F8-B6B7-AC3D-5BA4C279DD4D}.Debug|Any CPU.Build.0 = Debug|Any CPU
		{5A18A3A6-F7F8-B6B7-AC3D-5BA4C279DD4D}.Release|Any CPU.ActiveCfg = Release|Any CPU
		{5A18A3A6-F7F8-B6B7-AC3D-5BA4C279DD4D}.Release|Any CPU.Build.0 = Release|Any CPU
		{365578A9-C9C2-486F-40C7-9104FDF7AC7E}.Debug|Any CPU.ActiveCfg = Debug|Any CPU
		{365578A9-C9C2-486F-40C7-9104FDF7AC7E}.Debug|Any CPU.Build.0 = Debug|Any CPU
		{365578A9-C9C2-486F-40C7-9104FDF7AC7E}.Release|Any CPU.ActiveCfg = Release|Any CPU
		{365578A9-C9C2-486F-40C7-9104FDF7AC7E}.Release|Any CPU.Build.0 = Release|Any CPU
		{6EAE7D1D-A0EF-A664-2C37-D07D4B3E09AA}.Debug|Any CPU.ActiveCfg = Debug|Any CPU
		{6EAE7D1D-A0EF-A664-2C37-D07D4B3E09AA}.Debug|Any CPU.Build.0 = Debug|Any CPU
		{6EAE7D1D-A0EF-A664-2C37-D07D4B3E09AA}.Release|Any CPU.ActiveCfg = Release|Any CPU
		{6EAE7D1D-A0EF-A664-2C37-D07D4B3E09AA}.Release|Any CPU.Build.0 = Release|Any CPU
		{562B23E8-F469-7E0B-E7C8-98D00B11BB48}.Debug|Any CPU.ActiveCfg = Debug|Any CPU
		{562B23E8-F469-7E0B-E7C8-98D00B11BB48}.Debug|Any CPU.Build.0 = Debug|Any CPU
		{562B23E8-F469-7E0B-E7C8-98D00B11BB48}.Release|Any CPU.ActiveCfg = Release|Any CPU
		{562B23E8-F469-7E0B-E7C8-98D00B11BB48}.Release|Any CPU.Build.0 = Release|Any CPU
		{B0E4CE52-CFDA-D96F-1143-82FC4E9A3A5F}.Debug|Any CPU.ActiveCfg = Debug|Any CPU
		{B0E4CE52-CFDA-D96F-1143-82FC4E9A3A5F}.Debug|Any CPU.Build.0 = Debug|Any CPU
		{B0E4CE52-CFDA-D96F-1143-82FC4E9A3A5F}.Release|Any CPU.ActiveCfg = Release|Any CPU
		{B0E4CE52-CFDA-D96F-1143-82FC4E9A3A5F}.Release|Any CPU.Build.0 = Release|Any CPU
		{314C487B-C249-6432-156C-130E96486C37}.Debug|Any CPU.ActiveCfg = Debug|Any CPU
		{314C487B-C249-6432-156C-130E96486C37}.Debug|Any CPU.Build.0 = Debug|Any CPU
		{314C487B-C249-6432-156C-130E96486C37}.Release|Any CPU.ActiveCfg = Release|Any CPU
		{314C487B-C249-6432-156C-130E96486C37}.Release|Any CPU.Build.0 = Release|Any CPU
		{BE54EDE6-D11B-219D-D418-53AE06A65DB6}.Debug|Any CPU.ActiveCfg = Debug|Any CPU
		{BE54EDE6-D11B-219D-D418-53AE06A65DB6}.Debug|Any CPU.Build.0 = Debug|Any CPU
		{BE54EDE6-D11B-219D-D418-53AE06A65DB6}.Release|Any CPU.ActiveCfg = Release|Any CPU
		{BE54EDE6-D11B-219D-D418-53AE06A65DB6}.Release|Any CPU.Build.0 = Release|Any CPU
		{64D78D4D-B700-89E0-1947-019AFB840F94}.Debug|Any CPU.ActiveCfg = Debug|Any CPU
		{64D78D4D-B700-89E0-1947-019AFB840F94}.Debug|Any CPU.Build.0 = Debug|Any CPU
		{64D78D4D-B700-89E0-1947-019AFB840F94}.Release|Any CPU.ActiveCfg = Release|Any CPU
		{64D78D4D-B700-89E0-1947-019AFB840F94}.Release|Any CPU.Build.0 = Release|Any CPU
		{3683C864-566D-78D8-CB42-C905B87E368F}.Debug|Any CPU.ActiveCfg = Debug|Any CPU
		{3683C864-566D-78D8-CB42-C905B87E368F}.Debug|Any CPU.Build.0 = Debug|Any CPU
		{3683C864-566D-78D8-CB42-C905B87E368F}.Release|Any CPU.ActiveCfg = Release|Any CPU
		{3683C864-566D-78D8-CB42-C905B87E368F}.Release|Any CPU.Build.0 = Release|Any CPU
		{51700ABE-107C-64BE-A66E-214C3589C50A}.Debug|Any CPU.ActiveCfg = Debug|Any CPU
		{51700ABE-107C-64BE-A66E-214C3589C50A}.Debug|Any CPU.Build.0 = Debug|Any CPU
		{51700ABE-107C-64BE-A66E-214C3589C50A}.Release|Any CPU.ActiveCfg = Release|Any CPU
		{51700ABE-107C-64BE-A66E-214C3589C50A}.Release|Any CPU.Build.0 = Release|Any CPU
		{8E73786C-4639-1C46-54AD-6E4F58718946}.Debug|Any CPU.ActiveCfg = Debug|Any CPU
		{8E73786C-4639-1C46-54AD-6E4F58718946}.Debug|Any CPU.Build.0 = Debug|Any CPU
		{8E73786C-4639-1C46-54AD-6E4F58718946}.Release|Any CPU.ActiveCfg = Release|Any CPU
		{8E73786C-4639-1C46-54AD-6E4F58718946}.Release|Any CPU.Build.0 = Release|Any CPU
		{0F154F25-F8DC-A803-35C6-243361F99E06}.Debug|Any CPU.ActiveCfg = Debug|Any CPU
		{0F154F25-F8DC-A803-35C6-243361F99E06}.Debug|Any CPU.Build.0 = Debug|Any CPU
		{0F154F25-F8DC-A803-35C6-243361F99E06}.Release|Any CPU.ActiveCfg = Release|Any CPU
		{0F154F25-F8DC-A803-35C6-243361F99E06}.Release|Any CPU.Build.0 = Release|Any CPU
		{DE692D55-5479-396B-D417-126638884541}.Debug|Any CPU.ActiveCfg = Debug|Any CPU
		{DE692D55-5479-396B-D417-126638884541}.Debug|Any CPU.Build.0 = Debug|Any CPU
		{DE692D55-5479-396B-D417-126638884541}.Release|Any CPU.ActiveCfg = Release|Any CPU
		{DE692D55-5479-396B-D417-126638884541}.Release|Any CPU.Build.0 = Release|Any CPU
		{BD340EF0-665F-0710-3543-11FEE65F1FD2}.Debug|Any CPU.ActiveCfg = Debug|Any CPU
		{BD340EF0-665F-0710-3543-11FEE65F1FD2}.Debug|Any CPU.Build.0 = Debug|Any CPU
		{BD340EF0-665F-0710-3543-11FEE65F1FD2}.Release|Any CPU.ActiveCfg = Release|Any CPU
		{BD340EF0-665F-0710-3543-11FEE65F1FD2}.Release|Any CPU.Build.0 = Release|Any CPU
		{7996C81C-9120-DB56-FFCE-6E762D99A66E}.Debug|Any CPU.ActiveCfg = Debug|Any CPU
		{7996C81C-9120-DB56-FFCE-6E762D99A66E}.Debug|Any CPU.Build.0 = Debug|Any CPU
		{7996C81C-9120-DB56-FFCE-6E762D99A66E}.Release|Any CPU.ActiveCfg = Release|Any CPU
		{7996C81C-9120-DB56-FFCE-6E762D99A66E}.Release|Any CPU.Build.0 = Release|Any CPU
		{CDA9D9E7-73EA-DEBF-38B0-52A3E7FF5C94}.Debug|Any CPU.ActiveCfg = Debug|Any CPU
		{CDA9D9E7-73EA-DEBF-38B0-52A3E7FF5C94}.Debug|Any CPU.Build.0 = Debug|Any CPU
		{CDA9D9E7-73EA-DEBF-38B0-52A3E7FF5C94}.Release|Any CPU.ActiveCfg = Release|Any CPU
		{CDA9D9E7-73EA-DEBF-38B0-52A3E7FF5C94}.Release|Any CPU.Build.0 = Release|Any CPU
		{F758BE9F-1C20-F398-D2F2-9B570BA31054}.Debug|Any CPU.ActiveCfg = Debug|Any CPU
		{F758BE9F-1C20-F398-D2F2-9B570BA31054}.Debug|Any CPU.Build.0 = Debug|Any CPU
		{F758BE9F-1C20-F398-D2F2-9B570BA31054}.Release|Any CPU.ActiveCfg = Release|Any CPU
		{F758BE9F-1C20-F398-D2F2-9B570BA31054}.Release|Any CPU.Build.0 = Release|Any CPU
		{B2BBC36A-0CCF-9564-111C-6D6842F969CF}.Debug|Any CPU.ActiveCfg = Debug|Any CPU
		{B2BBC36A-0CCF-9564-111C-6D6842F969CF}.Debug|Any CPU.Build.0 = Debug|Any CPU
		{B2BBC36A-0CCF-9564-111C-6D6842F969CF}.Release|Any CPU.ActiveCfg = Release|Any CPU
		{B2BBC36A-0CCF-9564-111C-6D6842F969CF}.Release|Any CPU.Build.0 = Release|Any CPU
		{4503BA6A-9070-9746-D6B4-459052E010F5}.Debug|Any CPU.ActiveCfg = Debug|Any CPU
		{4503BA6A-9070-9746-D6B4-459052E010F5}.Debug|Any CPU.Build.0 = Debug|Any CPU
		{4503BA6A-9070-9746-D6B4-459052E010F5}.Release|Any CPU.ActiveCfg = Release|Any CPU
		{4503BA6A-9070-9746-D6B4-459052E010F5}.Release|Any CPU.Build.0 = Release|Any CPU
		{8EF97AC2-5907-F75B-A30B-7A2B77C72ED4}.Debug|Any CPU.ActiveCfg = Debug|Any CPU
		{8EF97AC2-5907-F75B-A30B-7A2B77C72ED4}.Debug|Any CPU.Build.0 = Debug|Any CPU
		{8EF97AC2-5907-F75B-A30B-7A2B77C72ED4}.Release|Any CPU.ActiveCfg = Release|Any CPU
		{8EF97AC2-5907-F75B-A30B-7A2B77C72ED4}.Release|Any CPU.Build.0 = Release|Any CPU
		{BADAE3B7-EAB5-32F2-B1C8-1651F6E24B48}.Debug|Any CPU.ActiveCfg = Debug|Any CPU
		{BADAE3B7-EAB5-32F2-B1C8-1651F6E24B48}.Debug|Any CPU.Build.0 = Debug|Any CPU
		{BADAE3B7-EAB5-32F2-B1C8-1651F6E24B48}.Release|Any CPU.ActiveCfg = Release|Any CPU
		{BADAE3B7-EAB5-32F2-B1C8-1651F6E24B48}.Release|Any CPU.Build.0 = Release|Any CPU
		{8A57EF42-F92C-3BD7-25E1-F2A37C8F9E07}.Debug|Any CPU.ActiveCfg = Debug|Any CPU
		{8A57EF42-F92C-3BD7-25E1-F2A37C8F9E07}.Debug|Any CPU.Build.0 = Debug|Any CPU
		{8A57EF42-F92C-3BD7-25E1-F2A37C8F9E07}.Release|Any CPU.ActiveCfg = Release|Any CPU
		{8A57EF42-F92C-3BD7-25E1-F2A37C8F9E07}.Release|Any CPU.Build.0 = Release|Any CPU
		{3EF88920-6CD7-1D83-AD55-1CEBEB4D3CFA}.Debug|Any CPU.ActiveCfg = Debug|Any CPU
		{3EF88920-6CD7-1D83-AD55-1CEBEB4D3CFA}.Debug|Any CPU.Build.0 = Debug|Any CPU
		{3EF88920-6CD7-1D83-AD55-1CEBEB4D3CFA}.Release|Any CPU.ActiveCfg = Release|Any CPU
		{3EF88920-6CD7-1D83-AD55-1CEBEB4D3CFA}.Release|Any CPU.Build.0 = Release|Any CPU
		{782B20D6-F74C-5204-3084-B8B70EE186BB}.Debug|Any CPU.ActiveCfg = Debug|Any CPU
		{782B20D6-F74C-5204-3084-B8B70EE186BB}.Debug|Any CPU.Build.0 = Debug|Any CPU
		{782B20D6-F74C-5204-3084-B8B70EE186BB}.Release|Any CPU.ActiveCfg = Release|Any CPU
		{782B20D6-F74C-5204-3084-B8B70EE186BB}.Release|Any CPU.Build.0 = Release|Any CPU
		{A9038D30-68F5-D414-C4EF-CCAE42E1988B}.Debug|Any CPU.ActiveCfg = Debug|Any CPU
		{A9038D30-68F5-D414-C4EF-CCAE42E1988B}.Debug|Any CPU.Build.0 = Debug|Any CPU
		{A9038D30-68F5-D414-C4EF-CCAE42E1988B}.Release|Any CPU.ActiveCfg = Release|Any CPU
		{A9038D30-68F5-D414-C4EF-CCAE42E1988B}.Release|Any CPU.Build.0 = Release|Any CPU
		{7666A401-5B1F-4ECC-B30E-104171E0DB26}.Debug|Any CPU.ActiveCfg = Debug|Any CPU
		{7666A401-5B1F-4ECC-B30E-104171E0DB26}.Debug|Any CPU.Build.0 = Debug|Any CPU
		{7666A401-5B1F-4ECC-B30E-104171E0DB26}.Release|Any CPU.ActiveCfg = Release|Any CPU
		{7666A401-5B1F-4ECC-B30E-104171E0DB26}.Release|Any CPU.Build.0 = Release|Any CPU
		{4D7E4D60-AF66-7EAE-9EE0-2D47FAF4315A}.Debug|Any CPU.ActiveCfg = Debug|Any CPU
		{4D7E4D60-AF66-7EAE-9EE0-2D47FAF4315A}.Debug|Any CPU.Build.0 = Debug|Any CPU
		{4D7E4D60-AF66-7EAE-9EE0-2D47FAF4315A}.Release|Any CPU.ActiveCfg = Release|Any CPU
		{4D7E4D60-AF66-7EAE-9EE0-2D47FAF4315A}.Release|Any CPU.Build.0 = Release|Any CPU
		{833A7FB8-CE9A-FC71-1434-4B364177CBD0}.Debug|Any CPU.ActiveCfg = Debug|Any CPU
		{833A7FB8-CE9A-FC71-1434-4B364177CBD0}.Debug|Any CPU.Build.0 = Debug|Any CPU
		{833A7FB8-CE9A-FC71-1434-4B364177CBD0}.Release|Any CPU.ActiveCfg = Release|Any CPU
		{833A7FB8-CE9A-FC71-1434-4B364177CBD0}.Release|Any CPU.Build.0 = Release|Any CPU
		{FE018719-E499-03F8-98E2-DA68DD4D2587}.Debug|Any CPU.ActiveCfg = Debug|Any CPU
		{FE018719-E499-03F8-98E2-DA68DD4D2587}.Debug|Any CPU.Build.0 = Debug|Any CPU
		{FE018719-E499-03F8-98E2-DA68DD4D2587}.Release|Any CPU.ActiveCfg = Release|Any CPU
		{FE018719-E499-03F8-98E2-DA68DD4D2587}.Release|Any CPU.Build.0 = Release|Any CPU
	EndGlobalSection
	GlobalSection(SolutionProperties) = preSolution
		HideSolutionNode = FALSE
	EndGlobalSection
EndGlobal
